
Microsoft Visual Studio Solution File, Format Version 12.00
# Visual Studio 14
VisualStudioVersion = 14.0.25420.1
MinimumVisualStudioVersion = 10.0.40219.1
Project("{FAE04EC0-301F-11D3-BF4B-00C04F79EFBC}") = "GenericsExamples", "GenericsExamples\GenericsExamples.csproj", "{21EDC867-DD3F-4972-BFC2-FF7A65C39E7C}"
EndProject
Project("{FAE04EC0-301F-11D3-BF4B-00C04F79EFBC}") = "GenericSwapClassTest", "GenericSwapClassTest\GenericSwapClassTest.csproj", "{5682218B-1D5C-409D-AC48-2F9D7D9B2887}"
EndProject
Global
	GlobalSection(SolutionConfigurationPlatforms) = preSolution
		Debug|Any CPU = Debug|Any CPU
		Release|Any CPU = Release|Any CPU
	EndGlobalSection
	GlobalSection(ProjectConfigurationPlatforms) = postSolution
		{21EDC867-DD3F-4972-BFC2-FF7A65C39E7C}.Debug|Any CPU.ActiveCfg = Debug|Any CPU
		{21EDC867-DD3F-4972-BFC2-FF7A65C39E7C}.Debug|Any CPU.Build.0 = Debug|Any CPU
		{21EDC867-DD3F-4972-BFC2-FF7A65C39E7C}.Release|Any CPU.ActiveCfg = Release|Any CPU
		{21EDC867-DD3F-4972-BFC2-FF7A65C39E7C}.Release|Any CPU.Build.0 = Release|Any CPU
		{5682218B-1D5C-409D-AC48-2F9D7D9B2887}.Debug|Any CPU.ActiveCfg = Debug|Any CPU
		{5682218B-1D5C-409D-AC48-2F9D7D9B2887}.Debug|Any CPU.Build.0 = Debug|Any CPU
		{5682218B-1D5C-409D-AC48-2F9D7D9B2887}.Release|Any CPU.ActiveCfg = Release|Any CPU
		{5682218B-1D5C-409D-AC48-2F9D7D9B2887}.Release|Any CPU.Build.0 = Release|Any CPU
	EndGlobalSection
	GlobalSection(SolutionProperties) = preSolution
		HideSolutionNode = FALSE
	EndGlobalSection
EndGlobal
